
Microsoft Visual Studio Solution File, Format Version 12.00
# Visual Studio Version 16
VisualStudioVersion = 16.0.31829.152
MinimumVisualStudioVersion = 10.0.40219.1
Project("{9A19103F-16F7-4668-BE54-9A1E7A4F7556}") = "GameForm", "GameForm\GameForm.csproj", "{BC0B15CD-545C-4046-9420-A6C40642B5FB}"
EndProject
Project("{FAE04EC0-301F-11D3-BF4B-00C04F79EFBC}") = "EngineBalloon", "EngineBalloon\EngineBalloon.csproj", "{767AACAD-AC68-48FA-9367-D340EAE4E4C2}"
EndProject
Project("{FAE04EC0-301F-11D3-BF4B-00C04F79EFBC}") = "Network", "Network\Network.csproj", "{D64B8F88-F994-4AA4-AA53-AD1D23CF8926}"
EndProject
Project("{FAE04EC0-301F-11D3-BF4B-00C04F79EFBC}") = "Server", "Server\Server.csproj", "{22D30500-6BBD-4EEC-AB29-7E4D6FA7E30E}"
EndProject
Global
	GlobalSection(SolutionConfigurationPlatforms) = preSolution
		Debug|Any CPU = Debug|Any CPU
		Release|Any CPU = Release|Any CPU
	EndGlobalSection
	GlobalSection(ProjectConfigurationPlatforms) = postSolution
		{BC0B15CD-545C-4046-9420-A6C40642B5FB}.Debug|Any CPU.ActiveCfg = Debug|Any CPU
		{BC0B15CD-545C-4046-9420-A6C40642B5FB}.Debug|Any CPU.Build.0 = Debug|Any CPU
		{BC0B15CD-545C-4046-9420-A6C40642B5FB}.Release|Any CPU.ActiveCfg = Release|Any CPU
		{BC0B15CD-545C-4046-9420-A6C40642B5FB}.Release|Any CPU.Build.0 = Release|Any CPU
		{767AACAD-AC68-48FA-9367-D340EAE4E4C2}.Debug|Any CPU.ActiveCfg = Debug|Any CPU
		{767AACAD-AC68-48FA-9367-D340EAE4E4C2}.Debug|Any CPU.Build.0 = Debug|Any CPU
		{767AACAD-AC68-48FA-9367-D340EAE4E4C2}.Release|Any CPU.ActiveCfg = Release|Any CPU
		{767AACAD-AC68-48FA-9367-D340EAE4E4C2}.Release|Any CPU.Build.0 = Release|Any CPU
		{D64B8F88-F994-4AA4-AA53-AD1D23CF8926}.Debug|Any CPU.ActiveCfg = Debug|Any CPU
		{D64B8F88-F994-4AA4-AA53-AD1D23CF8926}.Debug|Any CPU.Build.0 = Debug|Any CPU
		{D64B8F88-F994-4AA4-AA53-AD1D23CF8926}.Release|Any CPU.ActiveCfg = Release|Any CPU
		{D64B8F88-F994-4AA4-AA53-AD1D23CF8926}.Release|Any CPU.Build.0 = Release|Any CPU
		{22D30500-6BBD-4EEC-AB29-7E4D6FA7E30E}.Debug|Any CPU.ActiveCfg = Debug|Any CPU
		{22D30500-6BBD-4EEC-AB29-7E4D6FA7E30E}.Debug|Any CPU.Build.0 = Debug|Any CPU
		{22D30500-6BBD-4EEC-AB29-7E4D6FA7E30E}.Release|Any CPU.ActiveCfg = Release|Any CPU
		{22D30500-6BBD-4EEC-AB29-7E4D6FA7E30E}.Release|Any CPU.Build.0 = Release|Any CPU
	EndGlobalSection
	GlobalSection(SolutionProperties) = preSolution
		HideSolutionNode = FALSE
	EndGlobalSection
	GlobalSection(ExtensibilityGlobals) = postSolution
		SolutionGuid = {BC250DC5-EE37-4BD3-8A1B-52701D847EE6}
	EndGlobalSection
EndGlobal
